
Microsoft Visual Studio Solution File, Format Version 12.00
# Visual Studio 15
VisualStudioVersion = 15.0.28307.489
MinimumVisualStudioVersion = 10.0.40219.1
Project("{8BC9CEB8-8B4A-11D0-8D11-00A0C91BC942}") = "PetInsuranceFee", "PetInsuranceFee\PetInsuranceFee.vcxproj", "{52201D9D-4060-406B-9BF2-8151B0304A33}"
EndProject
Global
	GlobalSection(SolutionConfigurationPlatforms) = preSolution
		Debug|x64 = Debug|x64
		Debug|x86 = Debug|x86
		Release|x64 = Release|x64
		Release|x86 = Release|x86
	EndGlobalSection
	GlobalSection(ProjectConfigurationPlatforms) = postSolution
		{52201D9D-4060-406B-9BF2-8151B0304A33}.Debug|x64.ActiveCfg = Debug|x64
		{52201D9D-4060-406B-9BF2-8151B0304A33}.Debug|x64.Build.0 = Debug|x64
		{52201D9D-4060-406B-9BF2-8151B0304A33}.Debug|x86.ActiveCfg = Debug|Win32
		{52201D9D-4060-406B-9BF2-8151B0304A33}.Debug|x86.Build.0 = Debug|Win32
		{52201D9D-4060-406B-9BF2-8151B0304A33}.Release|x64.ActiveCfg = Release|x64
		{52201D9D-4060-406B-9BF2-8151B0304A33}.Release|x64.Build.0 = Release|x64
		{52201D9D-4060-406B-9BF2-8151B0304A33}.Release|x86.ActiveCfg = Release|Win32
		{52201D9D-4060-406B-9BF2-8151B0304A33}.Release|x86.Build.0 = Release|Win32
	EndGlobalSection
	GlobalSection(SolutionProperties) = preSolution
		HideSolutionNode = FALSE
	EndGlobalSection
	GlobalSection(ExtensibilityGlobals) = postSolution
		SolutionGuid = {2D8BABA2-717E-4F2E-BA18-F20D07EEF2DD}
	EndGlobalSection
EndGlobal
